
Microsoft Visual Studio Solution File, Format Version 12.00
# Visual Studio Version 17
VisualStudioVersion = 17.3.32929.385
MinimumVisualStudioVersion = 10.0.40219.1
Project("{9A19103F-16F7-4668-BE54-9A1E7A4F7556}") = "ApiProject.web", "ApiProject.web\ApiProject.web.csproj", "{6BEEA749-3CE9-4A56-A6B9-A8297E85AAFE}"
EndProject
Global
	GlobalSection(SolutionConfigurationPlatforms) = preSolution
		Debug|Any CPU = Debug|Any CPU
		Release|Any CPU = Release|Any CPU
	EndGlobalSection
	GlobalSection(ProjectConfigurationPlatforms) = postSolution
		{6BEEA749-3CE9-4A56-A6B9-A8297E85AAFE}.Debug|Any CPU.ActiveCfg = Debug|Any CPU
		{6BEEA749-3CE9-4A56-A6B9-A8297E85AAFE}.Debug|Any CPU.Build.0 = Debug|Any CPU
		{6BEEA749-3CE9-4A56-A6B9-A8297E85AAFE}.Release|Any CPU.ActiveCfg = Release|Any CPU
		{6BEEA749-3CE9-4A56-A6B9-A8297E85AAFE}.Release|Any CPU.Build.0 = Release|Any CPU
	EndGlobalSection
	GlobalSection(SolutionProperties) = preSolution
		HideSolutionNode = FALSE
	EndGlobalSection
	GlobalSection(ExtensibilityGlobals) = postSolution
		SolutionGuid = {DD53DBF4-3033-4475-9E19-64E61C672290}
	EndGlobalSection
EndGlobal
